// !$*UTF8*$!
{
	archiveVersion = 1;
	classes = {
	};
	objectVersion = 52;
	objects = {

/* Begin PBXBuildFile section */
		1117D0A93530E2820D6E92DC /* RedBlackTreeSet_Hashable.swift in Sources */ = {isa = PBXBuildFile; fileRef = 1117DC55119B5225FC67FFAA /* RedBlackTreeSet_Hashable.swift */; };
		1117D14E2E7B96ED191DD329 /* TreeNode_Extension.swift in Sources */ = {isa = PBXBuildFile; fileRef = 1117DD8D208221B44D548BE0 /* TreeNode_Extension.swift */; };
		1117D18DAF1A99CB7C7FAECC /* RedBlackTreeDictionary_Keys.swift in Sources */ = {isa = PBXBuildFile; fileRef = 1117D748F1E9D22870655D72 /* RedBlackTreeDictionary_Keys.swift */; };
		1117D1A25D8D8D08FAB1CF98 /* RedBlackTreeSet_SetAlgebra.swift in Sources */ = {isa = PBXBuildFile; fileRef = 1117DDCB946AAE050E823DA5 /* RedBlackTreeSet_SetAlgebra.swift */; };
		1117D2205B10FFD38C74B490 /* ConcurrentRedBlackTreeSet.swift in Sources */ = {isa = PBXBuildFile; fileRef = 1117D472BA8AD28C525C5BF0 /* ConcurrentRedBlackTreeSet.swift */; };
		1117D257456FF70F60800E27 /* TreeNode_Private.swift in Sources */ = {isa = PBXBuildFile; fileRef = 1117DEF731E55580B6EF4F9C /* TreeNode_Private.swift */; };
		1117D29B6EFDDF5EAEDC2A93 /* RedBlackTreeDictionary_Hashable.swift in Sources */ = {isa = PBXBuildFile; fileRef = 1117DA2134D1529AD5282341 /* RedBlackTreeDictionary_Hashable.swift */; };
		1117D2B331AAF0D32EFB3E91 /* RedBlackTree.h in Headers */ = {isa = PBXBuildFile; fileRef = 1117D75C0DDF54FF6E353F4B /* RedBlackTree.h */; settings = {ATTRIBUTES = (Public, ); }; };
		1117D2FE343F26C054AD5DB2 /* RedBlackTreeTests.swift in Sources */ = {isa = PBXBuildFile; fileRef = 1117DBD94DA68D43EBBA2BFA /* RedBlackTreeTests.swift */; };
		1117D33D0819EC368507B05C /* NodeTestValue.swift in Sources */ = {isa = PBXBuildFile; fileRef = 1117D0B0A96E394937F6886E /* NodeTestValue.swift */; };
		1117D451EC18A6E1203C7AD3 /* ConcurrentRedBlackTreeDictionary.swift in Sources */ = {isa = PBXBuildFile; fileRef = 1117D4B6F30DEB142DD7EC18 /* ConcurrentRedBlackTreeDictionary.swift */; };
		1117D4A36505E5D74D75E1C1 /* TreeNode_Copy.swift in Sources */ = {isa = PBXBuildFile; fileRef = 1117D07418F9EC931E2741C8 /* TreeNode_Copy.swift */; };
		1117D4AB1EF72CA10DAD7419 /* RedBlackTreeDictionary_Extension.swift in Sources */ = {isa = PBXBuildFile; fileRef = 1117D0C9AD3BEA6A6B3B0401 /* RedBlackTreeDictionary_Extension.swift */; };
		1117D4C023DE2C7189225BD8 /* RedBlackTreeDictionary_KV.swift in Sources */ = {isa = PBXBuildFile; fileRef = 1117D94700C979377392ECC1 /* RedBlackTreeDictionary_KV.swift */; };
		1117D57BAB85083FE836EDE4 /* RedBlackTreeDictionary_Index.swift in Sources */ = {isa = PBXBuildFile; fileRef = 1117D3F5C3BED922D69213FE /* RedBlackTreeDictionary_Index.swift */; };
		1117D6CB290FBEFB7A4E8DA3 /* main.swift in Sources */ = {isa = PBXBuildFile; fileRef = 1117DA48540485F84963B2F1 /* main.swift */; };
		1117D6DA31E9C0EB3F40BCA5 /* TreeNode_Color.swift in Sources */ = {isa = PBXBuildFile; fileRef = 1117D9E0445A7FAB0A580707 /* TreeNode_Color.swift */; };
		1117D874D77440FBCBA381B5 /* RedBlackTreeDictionary_Values.swift in Sources */ = {isa = PBXBuildFile; fileRef = 1117D5D542F2E449570B19F4 /* RedBlackTreeDictionary_Values.swift */; };
		1117D890491D2E35F0E14ECD /* RedBlackTreeDictionary_Codable.swift in Sources */ = {isa = PBXBuildFile; fileRef = 1117DA312623BBB6A3862B36 /* RedBlackTreeDictionary_Codable.swift */; };
		1117DA0729374818241F1C66 /* TreeNode_Side.swift in Sources */ = {isa = PBXBuildFile; fileRef = 1117DC232862F75F1032C952 /* TreeNode_Side.swift */; };
		1117DAD1071F8B89971D0F2D /* TreeNode.swift in Sources */ = {isa = PBXBuildFile; fileRef = 1117D05525CAE66737BF4D64 /* TreeNode.swift */; };
		1117DAF4010F4BE7FA849026 /* Utils.swift in Sources */ = {isa = PBXBuildFile; fileRef = 1117DAC5BB6B9403026DC25E /* Utils.swift */; };
		1117DB3154286DE8FD38C89E /* RedBlackTreeSet_Extensions.swift in Sources */ = {isa = PBXBuildFile; fileRef = 1117D4FA90769EAF5C41E6A1 /* RedBlackTreeSet_Extensions.swift */; };
		1117DB38F498DBAF9C0FCBBC /* RedBlackTreeDictionary.swift in Sources */ = {isa = PBXBuildFile; fileRef = 1117D5C3674657DD6956021D /* RedBlackTreeDictionary.swift */; };
		1117DD240D247C4C92F4408A /* RedBlackTreeSet_Codable.swift in Sources */ = {isa = PBXBuildFile; fileRef = 1117DAF58CDA0235977F6060 /* RedBlackTreeSet_Codable.swift */; };
		1117DD31BDF72BCE0B118E90 /* TreeNode_Index.swift in Sources */ = {isa = PBXBuildFile; fileRef = 1117DF89C1A76EC2BFBF0D3B /* TreeNode_Index.swift */; };
		1117DE084E08CEEE3E617447 /* TreeNode_ForEachFast.swift in Sources */ = {isa = PBXBuildFile; fileRef = 1117D8D55490F3161E578522 /* TreeNode_ForEachFast.swift */; };
		1117DE3E5E8AD1B05D00A021 /* TreeNode_Hashable.swift in Sources */ = {isa = PBXBuildFile; fileRef = 1117D56AAC460AB48536C0BC /* TreeNode_Hashable.swift */; };
		1117DF87D3C8C8EBF4622431 /* Utils.swift in Sources */ = {isa = PBXBuildFile; fileRef = 1117D66249D5A0BFA534BCEC /* Utils.swift */; };
		1117DFD15B88E6D92C414474 /* RedBlackTreeSet.swift in Sources */ = {isa = PBXBuildFile; fileRef = 1117DD698EEB9E2AF14A52EA /* RedBlackTreeSet.swift */; };
		1117DFEDE228F15087525DB4 /* RedBlackTreeDictionary_Iterator.swift in Sources */ = {isa = PBXBuildFile; fileRef = 1117DEF2211A6CB61C89C18C /* RedBlackTreeDictionary_Iterator.swift */; };
		1117DFFDC61C257EE38F1F4C /* NodeDrawing.swift in Sources */ = {isa = PBXBuildFile; fileRef = 1117DBCCB65205961FC30420 /* NodeDrawing.swift */; };
		832D774726B987610005063D /* PGDocFixer in Frameworks */ = {isa = PBXBuildFile; productRef = 832D774626B987610005063D /* PGDocFixer */; };
		83D5453926B47C3D00B136FC /* RedBlackTree.framework in Frameworks */ = {isa = PBXBuildFile; fileRef = 83D5452F26B47C3D00B136FC /* RedBlackTree.framework */; };
/* End PBXBuildFile section */

/* Begin PBXContainerItemProxy section */
		832D774826B988740005063D /* PBXContainerItemProxy */ = {
			isa = PBXContainerItemProxy;
			containerPortal = 83D5452626B47C3D00B136FC /* Project object */;
			proxyType = 1;
			remoteGlobalIDString = 83D5452E26B47C3D00B136FC;
			remoteInfo = RedBlackTree;
		};
		83D5453A26B47C3D00B136FC /* PBXContainerItemProxy */ = {
			isa = PBXContainerItemProxy;
			containerPortal = 83D5452626B47C3D00B136FC /* Project object */;
			proxyType = 1;
			remoteGlobalIDString = 83D5452E26B47C3D00B136FC;
			remoteInfo = RedBlackTree;
		};
/* End PBXContainerItemProxy section */

/* Begin PBXCopyFilesBuildPhase section */
		832D773B26B986EB0005063D /* CopyFiles */ = {
			isa = PBXCopyFilesBuildPhase;
			buildActionMask = 2147483647;
			dstPath = /usr/share/man/man1/;
			dstSubfolderSpec = 0;
			files = (
			);
			runOnlyForDeploymentPostprocessing = 1;
		};
/* End PBXCopyFilesBuildPhase section */

/* Begin PBXFileReference section */
		1117D05525CAE66737BF4D64 /* TreeNode.swift */ = {isa = PBXFileReference; fileEncoding = 4; lastKnownFileType = sourcecode.swift; path = TreeNode.swift; sourceTree = "<group>"; };
		1117D07418F9EC931E2741C8 /* TreeNode_Copy.swift */ = {isa = PBXFileReference; fileEncoding = 4; lastKnownFileType = sourcecode.swift; path = TreeNode_Copy.swift; sourceTree = "<group>"; };
		1117D0B0A96E394937F6886E /* NodeTestValue.swift */ = {isa = PBXFileReference; fileEncoding = 4; lastKnownFileType = sourcecode.swift; path = NodeTestValue.swift; sourceTree = "<group>"; };
		1117D0C9AD3BEA6A6B3B0401 /* RedBlackTreeDictionary_Extension.swift */ = {isa = PBXFileReference; fileEncoding = 4; lastKnownFileType = sourcecode.swift; path = RedBlackTreeDictionary_Extension.swift; sourceTree = "<group>"; };
		1117D2592B5FEFEC531E44E6 /* Info.plist */ = {isa = PBXFileReference; fileEncoding = 4; lastKnownFileType = text.plist.info; path = Info.plist; sourceTree = "<group>"; };
		1117D3F5C3BED922D69213FE /* RedBlackTreeDictionary_Index.swift */ = {isa = PBXFileReference; fileEncoding = 4; lastKnownFileType = sourcecode.swift; name = RedBlackTreeDictionary_Index.swift; path = Sources/RedBlackTree/RedBlackTreeDictionary_Index.swift; sourceTree = SOURCE_ROOT; };
		1117D472BA8AD28C525C5BF0 /* ConcurrentRedBlackTreeSet.swift */ = {isa = PBXFileReference; fileEncoding = 4; lastKnownFileType = sourcecode.swift; path = ConcurrentRedBlackTreeSet.swift; sourceTree = "<group>"; };
		1117D4B6F30DEB142DD7EC18 /* ConcurrentRedBlackTreeDictionary.swift */ = {isa = PBXFileReference; fileEncoding = 4; lastKnownFileType = sourcecode.swift; path = ConcurrentRedBlackTreeDictionary.swift; sourceTree = "<group>"; };
		1117D4BD6FA1EF387509B8D3 /* README.md */ = {isa = PBXFileReference; fileEncoding = 4; lastKnownFileType = net.daringfireball.markdown; path = README.md; sourceTree = "<group>"; };
		1117D4FA90769EAF5C41E6A1 /* RedBlackTreeSet_Extensions.swift */ = {isa = PBXFileReference; fileEncoding = 4; lastKnownFileType = sourcecode.swift; path = RedBlackTreeSet_Extensions.swift; sourceTree = "<group>"; };
		1117D56AAC460AB48536C0BC /* TreeNode_Hashable.swift */ = {isa = PBXFileReference; fileEncoding = 4; lastKnownFileType = sourcecode.swift; path = TreeNode_Hashable.swift; sourceTree = "<group>"; };
		1117D5C3674657DD6956021D /* RedBlackTreeDictionary.swift */ = {isa = PBXFileReference; fileEncoding = 4; lastKnownFileType = sourcecode.swift; path = RedBlackTreeDictionary.swift; sourceTree = "<group>"; };
		1117D5D542F2E449570B19F4 /* RedBlackTreeDictionary_Values.swift */ = {isa = PBXFileReference; fileEncoding = 4; lastKnownFileType = sourcecode.swift; path = RedBlackTreeDictionary_Values.swift; sourceTree = "<group>"; };
		1117D66249D5A0BFA534BCEC /* Utils.swift */ = {isa = PBXFileReference; fileEncoding = 4; lastKnownFileType = sourcecode.swift; path = Utils.swift; sourceTree = "<group>"; };
		1117D748F1E9D22870655D72 /* RedBlackTreeDictionary_Keys.swift */ = {isa = PBXFileReference; fileEncoding = 4; lastKnownFileType = sourcecode.swift; path = RedBlackTreeDictionary_Keys.swift; sourceTree = "<group>"; };
		1117D75C0DDF54FF6E353F4B /* RedBlackTree.h */ = {isa = PBXFileReference; fileEncoding = 4; lastKnownFileType = sourcecode.c.h; path = RedBlackTree.h; sourceTree = "<group>"; };
		1117D8D55490F3161E578522 /* TreeNode_ForEachFast.swift */ = {isa = PBXFileReference; fileEncoding = 4; lastKnownFileType = sourcecode.swift; path = TreeNode_ForEachFast.swift; sourceTree = "<group>"; };
		1117D94700C979377392ECC1 /* RedBlackTreeDictionary_KV.swift */ = {isa = PBXFileReference; fileEncoding = 4; lastKnownFileType = sourcecode.swift; name = RedBlackTreeDictionary_KV.swift; path = Sources/RedBlackTree/RedBlackTreeDictionary_KV.swift; sourceTree = SOURCE_ROOT; };
		1117D9E0445A7FAB0A580707 /* TreeNode_Color.swift */ = {isa = PBXFileReference; fileEncoding = 4; lastKnownFileType = sourcecode.swift; path = TreeNode_Color.swift; sourceTree = "<group>"; };
		1117DA2134D1529AD5282341 /* RedBlackTreeDictionary_Hashable.swift */ = {isa = PBXFileReference; fileEncoding = 4; lastKnownFileType = sourcecode.swift; path = RedBlackTreeDictionary_Hashable.swift; sourceTree = "<group>"; };
		1117DA312623BBB6A3862B36 /* RedBlackTreeDictionary_Codable.swift */ = {isa = PBXFileReference; fileEncoding = 4; lastKnownFileType = sourcecode.swift; path = RedBlackTreeDictionary_Codable.swift; sourceTree = "<group>"; };
		1117DA48540485F84963B2F1 /* main.swift */ = {isa = PBXFileReference; fileEncoding = 4; lastKnownFileType = sourcecode.swift; path = main.swift; sourceTree = "<group>"; };
		1117DAC5BB6B9403026DC25E /* Utils.swift */ = {isa = PBXFileReference; fileEncoding = 4; lastKnownFileType = sourcecode.swift; path = Utils.swift; sourceTree = "<group>"; };
		1117DAF58CDA0235977F6060 /* RedBlackTreeSet_Codable.swift */ = {isa = PBXFileReference; fileEncoding = 4; lastKnownFileType = sourcecode.swift; name = RedBlackTreeSet_Codable.swift; path = Sources/RedBlackTree/RedBlackTreeSet_Codable.swift; sourceTree = SOURCE_ROOT; };
		1117DB0005FABC039DC8381F /* .gitignore */ = {isa = PBXFileReference; lastKnownFileType = file.gitignore; path = .gitignore; sourceTree = "<group>"; };
		1117DBCCB65205961FC30420 /* NodeDrawing.swift */ = {isa = PBXFileReference; fileEncoding = 4; lastKnownFileType = sourcecode.swift; path = NodeDrawing.swift; sourceTree = "<group>"; };
		1117DBD94DA68D43EBBA2BFA /* RedBlackTreeTests.swift */ = {isa = PBXFileReference; fileEncoding = 4; lastKnownFileType = sourcecode.swift; path = RedBlackTreeTests.swift; sourceTree = "<group>"; };
		1117DC232862F75F1032C952 /* TreeNode_Side.swift */ = {isa = PBXFileReference; fileEncoding = 4; lastKnownFileType = sourcecode.swift; path = TreeNode_Side.swift; sourceTree = "<group>"; };
		1117DC55119B5225FC67FFAA /* RedBlackTreeSet_Hashable.swift */ = {isa = PBXFileReference; fileEncoding = 4; lastKnownFileType = sourcecode.swift; path = RedBlackTreeSet_Hashable.swift; sourceTree = "<group>"; };
		1117DCB844F8D230DC871047 /* Package.swift */ = {isa = PBXFileReference; fileEncoding = 4; lastKnownFileType = sourcecode.swift; path = Package.swift; sourceTree = "<group>"; };
		1117DCC4B505E10107FDCA70 /* Info.plist */ = {isa = PBXFileReference; fileEncoding = 4; lastKnownFileType = text.plist.info; path = Info.plist; sourceTree = "<group>"; };
		1117DD1A7411CA7754BAECE7 /* LICENSE */ = {isa = PBXFileReference; fileEncoding = 4; lastKnownFileType = text; path = LICENSE; sourceTree = "<group>"; };
		1117DD698EEB9E2AF14A52EA /* RedBlackTreeSet.swift */ = {isa = PBXFileReference; fileEncoding = 4; lastKnownFileType = sourcecode.swift; path = RedBlackTreeSet.swift; sourceTree = "<group>"; };
		1117DD8D208221B44D548BE0 /* TreeNode_Extension.swift */ = {isa = PBXFileReference; fileEncoding = 4; lastKnownFileType = sourcecode.swift; path = TreeNode_Extension.swift; sourceTree = "<group>"; };
		1117DDCB946AAE050E823DA5 /* RedBlackTreeSet_SetAlgebra.swift */ = {isa = PBXFileReference; fileEncoding = 4; lastKnownFileType = sourcecode.swift; name = RedBlackTreeSet_SetAlgebra.swift; path = Sources/RedBlackTree/RedBlackTreeSet_SetAlgebra.swift; sourceTree = SOURCE_ROOT; };
		1117DDDDD8D4C2B552CB7431 /* LinuxMain.swift */ = {isa = PBXFileReference; fileEncoding = 4; lastKnownFileType = sourcecode.swift; path = LinuxMain.swift; sourceTree = "<group>"; };
		1117DEF2211A6CB61C89C18C /* RedBlackTreeDictionary_Iterator.swift */ = {isa = PBXFileReference; fileEncoding = 4; lastKnownFileType = sourcecode.swift; path = RedBlackTreeDictionary_Iterator.swift; sourceTree = "<group>"; };
		1117DEF731E55580B6EF4F9C /* TreeNode_Private.swift */ = {isa = PBXFileReference; fileEncoding = 4; lastKnownFileType = sourcecode.swift; path = TreeNode_Private.swift; sourceTree = "<group>"; };
		1117DF611A3BE5130735AAF8 /* .jazzy.yaml */ = {isa = PBXFileReference; fileEncoding = 4; lastKnownFileType = text.yaml; path = .jazzy.yaml; sourceTree = "<group>"; };
		1117DF89C1A76EC2BFBF0D3B /* TreeNode_Index.swift */ = {isa = PBXFileReference; fileEncoding = 4; lastKnownFileType = sourcecode.swift; path = TreeNode_Index.swift; sourceTree = "<group>"; };
		832D773D26B986EB0005063D /* DocFixer */ = {isa = PBXFileReference; explicitFileType = "compiled.mach-o.executable"; includeInIndex = 0; path = DocFixer; sourceTree = BUILT_PRODUCTS_DIR; };
		832D774426B987030005063D /* DocFixer.entitlements */ = {isa = PBXFileReference; lastKnownFileType = text.plist.entitlements; path = DocFixer.entitlements; sourceTree = "<group>"; };
		83D5452F26B47C3D00B136FC /* RedBlackTree.framework */ = {isa = PBXFileReference; explicitFileType = wrapper.framework; includeInIndex = 0; path = RedBlackTree.framework; sourceTree = BUILT_PRODUCTS_DIR; };
		83D5453826B47C3D00B136FC /* RedBlackTreeTests.xctest */ = {isa = PBXFileReference; explicitFileType = wrapper.cfbundle; includeInIndex = 0; path = RedBlackTreeTests.xctest; sourceTree = BUILT_PRODUCTS_DIR; };
/* End PBXFileReference section */

/* Begin PBXFrameworksBuildPhase section */
		832D773A26B986EB0005063D /* Frameworks */ = {
			isa = PBXFrameworksBuildPhase;
			buildActionMask = 2147483647;
			files = (
				832D774726B987610005063D /* PGDocFixer in Frameworks */,
			);
			runOnlyForDeploymentPostprocessing = 0;
		};
		83D5452C26B47C3D00B136FC /* Frameworks */ = {
			isa = PBXFrameworksBuildPhase;
			buildActionMask = 2147483647;
			files = (
			);
			runOnlyForDeploymentPostprocessing = 0;
		};
		83D5453526B47C3D00B136FC /* Frameworks */ = {
			isa = PBXFrameworksBuildPhase;
			buildActionMask = 2147483647;
			files = (
				83D5453926B47C3D00B136FC /* RedBlackTree.framework in Frameworks */,
			);
			runOnlyForDeploymentPostprocessing = 0;
		};
/* End PBXFrameworksBuildPhase section */

/* Begin PBXGroup section */
		1117D13A35E13BDFB2F826D1 /* Other */ = {
			isa = PBXGroup;
			children = (
				1117D75C0DDF54FF6E353F4B /* RedBlackTree.h */,
				1117DCC4B505E10107FDCA70 /* Info.plist */,
			);
			name = Other;
			sourceTree = "<group>";
		};
		1117DABA08A5FB9993CAB94C /* Project */ = {
			isa = PBXGroup;
			children = (
				1117DB0005FABC039DC8381F /* .gitignore */,
				1117D4BD6FA1EF387509B8D3 /* README.md */,
				1117DCB844F8D230DC871047 /* Package.swift */,
				1117DD1A7411CA7754BAECE7 /* LICENSE */,
				1117DF611A3BE5130735AAF8 /* .jazzy.yaml */,
			);
			name = Project;
			sourceTree = "<group>";
		};
		1117DABE3EF5500CB553A04B /* Other */ = {
			isa = PBXGroup;
			children = (
				1117D2592B5FEFEC531E44E6 /* Info.plist */,
			);
			name = Other;
			sourceTree = "<group>";
		};
		1117DBCB007F5F5BAF1D4881 /* Extensions */ = {
			isa = PBXGroup;
			children = (
				1117D94700C979377392ECC1 /* RedBlackTreeDictionary_KV.swift */,
				1117DAF58CDA0235977F6060 /* RedBlackTreeSet_Codable.swift */,
				1117DDCB946AAE050E823DA5 /* RedBlackTreeSet_SetAlgebra.swift */,
				1117D3F5C3BED922D69213FE /* RedBlackTreeDictionary_Index.swift */,
				1117DF89C1A76EC2BFBF0D3B /* TreeNode_Index.swift */,
				1117D9E0445A7FAB0A580707 /* TreeNode_Color.swift */,
				1117DC232862F75F1032C952 /* TreeNode_Side.swift */,
				1117D56AAC460AB48536C0BC /* TreeNode_Hashable.swift */,
				1117DD8D208221B44D548BE0 /* TreeNode_Extension.swift */,
				1117D0C9AD3BEA6A6B3B0401 /* RedBlackTreeDictionary_Extension.swift */,
				1117DA312623BBB6A3862B36 /* RedBlackTreeDictionary_Codable.swift */,
				1117DA2134D1529AD5282341 /* RedBlackTreeDictionary_Hashable.swift */,
				1117DEF2211A6CB61C89C18C /* RedBlackTreeDictionary_Iterator.swift */,
				1117DC55119B5225FC67FFAA /* RedBlackTreeSet_Hashable.swift */,
				1117D4FA90769EAF5C41E6A1 /* RedBlackTreeSet_Extensions.swift */,
				1117DEF731E55580B6EF4F9C /* TreeNode_Private.swift */,
				1117D07418F9EC931E2741C8 /* TreeNode_Copy.swift */,
				1117D748F1E9D22870655D72 /* RedBlackTreeDictionary_Keys.swift */,
				1117D5D542F2E449570B19F4 /* RedBlackTreeDictionary_Values.swift */,
				1117D8D55490F3161E578522 /* TreeNode_ForEachFast.swift */,
			);
			path = Extensions;
			sourceTree = "<group>";
		};
		832D773E26B986EB0005063D /* DocFixer */ = {
			isa = PBXGroup;
			children = (
				832D774426B987030005063D /* DocFixer.entitlements */,
				1117DA48540485F84963B2F1 /* main.swift */,
			);
			path = DocFixer;
			sourceTree = "<group>";
		};
		83D5452526B47C3D00B136FC = {
			isa = PBXGroup;
			children = (
				83D5454A26B47C5C00B136FC /* Tests */,
				83D5454926B47C5200B136FC /* Sources */,
				83D5453026B47C3D00B136FC /* Products */,
				1117DABA08A5FB9993CAB94C /* Project */,
			);
			sourceTree = "<group>";
		};
		83D5453026B47C3D00B136FC /* Products */ = {
			isa = PBXGroup;
			children = (
				83D5452F26B47C3D00B136FC /* RedBlackTree.framework */,
				83D5453826B47C3D00B136FC /* RedBlackTreeTests.xctest */,
				832D773D26B986EB0005063D /* DocFixer */,
			);
			name = Products;
			sourceTree = "<group>";
		};
		83D5453126B47C3D00B136FC /* RedBlackTree */ = {
			isa = PBXGroup;
			children = (
				1117D13A35E13BDFB2F826D1 /* Other */,
				1117D05525CAE66737BF4D64 /* TreeNode.swift */,
				1117DAC5BB6B9403026DC25E /* Utils.swift */,
				1117DD698EEB9E2AF14A52EA /* RedBlackTreeSet.swift */,
				1117D5C3674657DD6956021D /* RedBlackTreeDictionary.swift */,
				1117DBCB007F5F5BAF1D4881 /* Extensions */,
				1117D4B6F30DEB142DD7EC18 /* ConcurrentRedBlackTreeDictionary.swift */,
				1117D472BA8AD28C525C5BF0 /* ConcurrentRedBlackTreeSet.swift */,
			);
			path = RedBlackTree;
			sourceTree = "<group>";
		};
		83D5453C26B47C3D00B136FC /* RedBlackTreeTests */ = {
			isa = PBXGroup;
			children = (
				1117DABE3EF5500CB553A04B /* Other */,
				1117DBD94DA68D43EBBA2BFA /* RedBlackTreeTests.swift */,
				1117DBCCB65205961FC30420 /* NodeDrawing.swift */,
				1117D0B0A96E394937F6886E /* NodeTestValue.swift */,
				1117D66249D5A0BFA534BCEC /* Utils.swift */,
			);
			path = RedBlackTreeTests;
			sourceTree = "<group>";
		};
		83D5454926B47C5200B136FC /* Sources */ = {
			isa = PBXGroup;
			children = (
				832D773E26B986EB0005063D /* DocFixer */,
				83D5453126B47C3D00B136FC /* RedBlackTree */,
			);
			path = Sources;
			sourceTree = "<group>";
		};
		83D5454A26B47C5C00B136FC /* Tests */ = {
			isa = PBXGroup;
			children = (
				83D5453C26B47C3D00B136FC /* RedBlackTreeTests */,
				1117DDDDD8D4C2B552CB7431 /* LinuxMain.swift */,
			);
			path = Tests;
			sourceTree = "<group>";
		};
/* End PBXGroup section */

/* Begin PBXHeadersBuildPhase section */
		83D5452A26B47C3D00B136FC /* Headers */ = {
			isa = PBXHeadersBuildPhase;
			buildActionMask = 2147483647;
			files = (
				1117D2B331AAF0D32EFB3E91 /* RedBlackTree.h in Headers */,
			);
			runOnlyForDeploymentPostprocessing = 0;
		};
/* End PBXHeadersBuildPhase section */

/* Begin PBXNativeTarget section */
		832D773C26B986EB0005063D /* DocFixer */ = {
			isa = PBXNativeTarget;
			buildConfigurationList = 832D774326B986EB0005063D /* Build configuration list for PBXNativeTarget "DocFixer" */;
			buildPhases = (
				832D773926B986EB0005063D /* Sources */,
				832D773A26B986EB0005063D /* Frameworks */,
				832D773B26B986EB0005063D /* CopyFiles */,
			);
			buildRules = (
			);
			dependencies = (
				832D774926B988740005063D /* PBXTargetDependency */,
				832D774B26B988740005063D /* PBXTargetDependency */,
			);
			name = DocFixer;
			packageProductDependencies = (
				832D774626B987610005063D /* PGDocFixer */,
			);
			productName = DocFixer;
			productReference = 832D773D26B986EB0005063D /* DocFixer */;
			productType = "com.apple.product-type.tool";
		};
		83D5452E26B47C3D00B136FC /* RedBlackTree */ = {
			isa = PBXNativeTarget;
			buildConfigurationList = 83D5454326B47C3D00B136FC /* Build configuration list for PBXNativeTarget "RedBlackTree" */;
			buildPhases = (
				83D5452A26B47C3D00B136FC /* Headers */,
				83D5452B26B47C3D00B136FC /* Sources */,
				83D5452C26B47C3D00B136FC /* Frameworks */,
				83D5452D26B47C3D00B136FC /* Resources */,
			);
			buildRules = (
			);
			dependencies = (
			);
			name = RedBlackTree;
			productName = RedBlackTree;
			productReference = 83D5452F26B47C3D00B136FC /* RedBlackTree.framework */;
			productType = "com.apple.product-type.framework";
		};
		83D5453726B47C3D00B136FC /* RedBlackTreeTests */ = {
			isa = PBXNativeTarget;
			buildConfigurationList = 83D5454626B47C3D00B136FC /* Build configuration list for PBXNativeTarget "RedBlackTreeTests" */;
			buildPhases = (
				83D5453426B47C3D00B136FC /* Sources */,
				83D5453526B47C3D00B136FC /* Frameworks */,
				83D5453626B47C3D00B136FC /* Resources */,
			);
			buildRules = (
			);
			dependencies = (
				83D5453B26B47C3D00B136FC /* PBXTargetDependency */,
			);
			name = RedBlackTreeTests;
			productName = RedBlackTreeTests;
			productReference = 83D5453826B47C3D00B136FC /* RedBlackTreeTests.xctest */;
			productType = "com.apple.product-type.bundle.unit-test";
		};
/* End PBXNativeTarget section */

/* Begin PBXProject section */
		83D5452626B47C3D00B136FC /* Project object */ = {
			isa = PBXProject;
			attributes = {
				LastSwiftUpdateCheck = 1250;
				LastUpgradeCheck = 1250;
				TargetAttributes = {
					832D773C26B986EB0005063D = {
						CreatedOnToolsVersion = 12.5.1;
					};
					83D5452E26B47C3D00B136FC = {
						CreatedOnToolsVersion = 12.5.1;
					};
					83D5453726B47C3D00B136FC = {
						CreatedOnToolsVersion = 12.5.1;
					};
				};
			};
			buildConfigurationList = 83D5452926B47C3D00B136FC /* Build configuration list for PBXProject "RedBlackTree" */;
			compatibilityVersion = "Xcode 9.3";
			developmentRegion = en;
			hasScannedForEncodings = 0;
			knownRegions = (
				en,
				Base,
			);
			mainGroup = 83D5452526B47C3D00B136FC;
			packageReferences = (
				832D774526B987610005063D /* XCRemoteSwiftPackageReference "PGDocFixer" */,
			);
			productRefGroup = 83D5453026B47C3D00B136FC /* Products */;
			projectDirPath = "";
			projectRoot = "";
			targets = (
				83D5452E26B47C3D00B136FC /* RedBlackTree */,
				83D5453726B47C3D00B136FC /* RedBlackTreeTests */,
				832D773C26B986EB0005063D /* DocFixer */,
			);
		};
/* End PBXProject section */

/* Begin PBXResourcesBuildPhase section */
		83D5452D26B47C3D00B136FC /* Resources */ = {
			isa = PBXResourcesBuildPhase;
			buildActionMask = 2147483647;
			files = (
			);
			runOnlyForDeploymentPostprocessing = 0;
		};
		83D5453626B47C3D00B136FC /* Resources */ = {
			isa = PBXResourcesBuildPhase;
			buildActionMask = 2147483647;
			files = (
			);
			runOnlyForDeploymentPostprocessing = 0;
		};
/* End PBXResourcesBuildPhase section */

/* Begin PBXSourcesBuildPhase section */
		832D773926B986EB0005063D /* Sources */ = {
			isa = PBXSourcesBuildPhase;
			buildActionMask = 2147483647;
			files = (
				1117D6CB290FBEFB7A4E8DA3 /* main.swift in Sources */,
			);
			runOnlyForDeploymentPostprocessing = 0;
		};
		83D5452B26B47C3D00B136FC /* Sources */ = {
			isa = PBXSourcesBuildPhase;
			buildActionMask = 2147483647;
			files = (
				1117DAD1071F8B89971D0F2D /* TreeNode.swift in Sources */,
				1117DAF4010F4BE7FA849026 /* Utils.swift in Sources */,
				1117DFD15B88E6D92C414474 /* RedBlackTreeSet.swift in Sources */,
				1117DB38F498DBAF9C0FCBBC /* RedBlackTreeDictionary.swift in Sources */,
				1117D4C023DE2C7189225BD8 /* RedBlackTreeDictionary_KV.swift in Sources */,
				1117DD240D247C4C92F4408A /* RedBlackTreeSet_Codable.swift in Sources */,
				1117D1A25D8D8D08FAB1CF98 /* RedBlackTreeSet_SetAlgebra.swift in Sources */,
				1117D57BAB85083FE836EDE4 /* RedBlackTreeDictionary_Index.swift in Sources */,
				1117DD31BDF72BCE0B118E90 /* TreeNode_Index.swift in Sources */,
				1117D6DA31E9C0EB3F40BCA5 /* TreeNode_Color.swift in Sources */,
				1117DA0729374818241F1C66 /* TreeNode_Side.swift in Sources */,
				1117DE3E5E8AD1B05D00A021 /* TreeNode_Hashable.swift in Sources */,
				1117D14E2E7B96ED191DD329 /* TreeNode_Extension.swift in Sources */,
				1117D4AB1EF72CA10DAD7419 /* RedBlackTreeDictionary_Extension.swift in Sources */,
				1117D890491D2E35F0E14ECD /* RedBlackTreeDictionary_Codable.swift in Sources */,
				1117D29B6EFDDF5EAEDC2A93 /* RedBlackTreeDictionary_Hashable.swift in Sources */,
				1117DFEDE228F15087525DB4 /* RedBlackTreeDictionary_Iterator.swift in Sources */,
				1117D0A93530E2820D6E92DC /* RedBlackTreeSet_Hashable.swift in Sources */,
				1117DB3154286DE8FD38C89E /* RedBlackTreeSet_Extensions.swift in Sources */,
				1117D257456FF70F60800E27 /* TreeNode_Private.swift in Sources */,
				1117D451EC18A6E1203C7AD3 /* ConcurrentRedBlackTreeDictionary.swift in Sources */,
				1117D2205B10FFD38C74B490 /* ConcurrentRedBlackTreeSet.swift in Sources */,
				1117D4A36505E5D74D75E1C1 /* TreeNode_Copy.swift in Sources */,
				1117D18DAF1A99CB7C7FAECC /* RedBlackTreeDictionary_Keys.swift in Sources */,
				1117D874D77440FBCBA381B5 /* RedBlackTreeDictionary_Values.swift in Sources */,
				1117DE084E08CEEE3E617447 /* TreeNode_ForEachFast.swift in Sources */,
			);
			runOnlyForDeploymentPostprocessing = 0;
		};
		83D5453426B47C3D00B136FC /* Sources */ = {
			isa = PBXSourcesBuildPhase;
			buildActionMask = 2147483647;
			files = (
				1117D2FE343F26C054AD5DB2 /* RedBlackTreeTests.swift in Sources */,
				1117DFFDC61C257EE38F1F4C /* NodeDrawing.swift in Sources */,
				1117D33D0819EC368507B05C /* NodeTestValue.swift in Sources */,
				1117DF87D3C8C8EBF4622431 /* Utils.swift in Sources */,
			);
			runOnlyForDeploymentPostprocessing = 0;
		};
/* End PBXSourcesBuildPhase section */

/* Begin PBXTargetDependency section */
		832D774926B988740005063D /* PBXTargetDependency */ = {
			isa = PBXTargetDependency;
			target = 83D5452E26B47C3D00B136FC /* RedBlackTree */;
			targetProxy = 832D774826B988740005063D /* PBXContainerItemProxy */;
		};
		832D774B26B988740005063D /* PBXTargetDependency */ = {
			isa = PBXTargetDependency;
			productRef = 832D774A26B988740005063D /* PGDocFixer */;
		};
		83D5453B26B47C3D00B136FC /* PBXTargetDependency */ = {
			isa = PBXTargetDependency;
			target = 83D5452E26B47C3D00B136FC /* RedBlackTree */;
			targetProxy = 83D5453A26B47C3D00B136FC /* PBXContainerItemProxy */;
		};
/* End PBXTargetDependency section */

/* Begin XCBuildConfiguration section */
		832D774126B986EB0005063D /* Debug */ = {
			isa = XCBuildConfiguration;
			buildSettings = {
				CODE_SIGN_ENTITLEMENTS = Sources/DocFixer/DocFixer.entitlements;
				CODE_SIGN_IDENTITY = "-";
				CODE_SIGN_STYLE = Automatic;
				DEVELOPMENT_TEAM = Q5XWZ7S7E9;
				ENABLE_HARDENED_RUNTIME = YES;
				PRODUCT_NAME = "$(TARGET_NAME)";
				SWIFT_VERSION = 5.0;
			};
			name = Debug;
		};
		832D774226B986EB0005063D /* Release */ = {
			isa = XCBuildConfiguration;
			buildSettings = {
				CODE_SIGN_ENTITLEMENTS = Sources/DocFixer/DocFixer.entitlements;
				CODE_SIGN_IDENTITY = "-";
				CODE_SIGN_STYLE = Automatic;
				DEVELOPMENT_TEAM = Q5XWZ7S7E9;
				ENABLE_HARDENED_RUNTIME = YES;
				PRODUCT_NAME = "$(TARGET_NAME)";
				SWIFT_VERSION = 5.0;
			};
			name = Release;
		};
		83D5454126B47C3D00B136FC /* Debug */ = {
			isa = XCBuildConfiguration;
			buildSettings = {
				ALWAYS_SEARCH_USER_PATHS = NO;
				CLANG_ANALYZER_NONNULL = YES;
				CLANG_ANALYZER_NUMBER_OBJECT_CONVERSION = YES_AGGRESSIVE;
				CLANG_CXX_LANGUAGE_STANDARD = "gnu++14";
				CLANG_CXX_LIBRARY = "libc++";
				CLANG_ENABLE_MODULES = YES;
				CLANG_ENABLE_OBJC_ARC = YES;
				CLANG_ENABLE_OBJC_WEAK = YES;
				CLANG_WARN_BLOCK_CAPTURE_AUTORELEASING = YES;
				CLANG_WARN_BOOL_CONVERSION = YES;
				CLANG_WARN_COMMA = YES;
				CLANG_WARN_CONSTANT_CONVERSION = YES;
				CLANG_WARN_DEPRECATED_OBJC_IMPLEMENTATIONS = YES;
				CLANG_WARN_DIRECT_OBJC_ISA_USAGE = YES_ERROR;
				CLANG_WARN_DOCUMENTATION_COMMENTS = YES;
				CLANG_WARN_EMPTY_BODY = YES;
				CLANG_WARN_ENUM_CONVERSION = YES;
				CLANG_WARN_INFINITE_RECURSION = YES;
				CLANG_WARN_INT_CONVERSION = YES;
				CLANG_WARN_NON_LITERAL_NULL_CONVERSION = YES;
				CLANG_WARN_OBJC_IMPLICIT_RETAIN_SELF = YES;
				CLANG_WARN_OBJC_LITERAL_CONVERSION = YES;
				CLANG_WARN_OBJC_ROOT_CLASS = YES_ERROR;
				CLANG_WARN_QUOTED_INCLUDE_IN_FRAMEWORK_HEADER = YES;
				CLANG_WARN_RANGE_LOOP_ANALYSIS = YES;
				CLANG_WARN_STRICT_PROTOTYPES = YES;
				CLANG_WARN_SUSPICIOUS_MOVE = YES;
				CLANG_WARN_UNGUARDED_AVAILABILITY = YES_AGGRESSIVE;
				CLANG_WARN_UNREACHABLE_CODE = YES;
				CLANG_WARN__DUPLICATE_METHOD_MATCH = YES;
				COPY_PHASE_STRIP = NO;
				CURRENT_PROJECT_VERSION = 1;
				DEBUG_INFORMATION_FORMAT = dwarf;
				ENABLE_STRICT_OBJC_MSGSEND = YES;
				ENABLE_TESTABILITY = YES;
				GCC_C_LANGUAGE_STANDARD = gnu11;
				GCC_DYNAMIC_NO_PIC = NO;
				GCC_NO_COMMON_BLOCKS = YES;
				GCC_OPTIMIZATION_LEVEL = 0;
				GCC_PREPROCESSOR_DEFINITIONS = (
					"DEBUG=1",
					"$(inherited)",
				);
				GCC_WARN_64_TO_32_BIT_CONVERSION = YES;
				GCC_WARN_ABOUT_RETURN_TYPE = YES_ERROR;
				GCC_WARN_UNDECLARED_SELECTOR = YES;
				GCC_WARN_UNINITIALIZED_AUTOS = YES_AGGRESSIVE;
				GCC_WARN_UNUSED_FUNCTION = YES;
				GCC_WARN_UNUSED_VARIABLE = YES;
				MACOSX_DEPLOYMENT_TARGET = 11.3;
				MTL_ENABLE_DEBUG_INFO = INCLUDE_SOURCE;
				MTL_FAST_MATH = YES;
				ONLY_ACTIVE_ARCH = YES;
				SDKROOT = macosx;
				SWIFT_ACTIVE_COMPILATION_CONDITIONS = DEBUG;
				SWIFT_OPTIMIZATION_LEVEL = "-Onone";
				VERSIONING_SYSTEM = "apple-generic";
				VERSION_INFO_PREFIX = "";
			};
			name = Debug;
		};
		83D5454226B47C3D00B136FC /* Release */ = {
			isa = XCBuildConfiguration;
			buildSettings = {
				ALWAYS_SEARCH_USER_PATHS = NO;
				CLANG_ANALYZER_NONNULL = YES;
				CLANG_ANALYZER_NUMBER_OBJECT_CONVERSION = YES_AGGRESSIVE;
				CLANG_CXX_LANGUAGE_STANDARD = "gnu++14";
				CLANG_CXX_LIBRARY = "libc++";
				CLANG_ENABLE_MODULES = YES;
				CLANG_ENABLE_OBJC_ARC = YES;
				CLANG_ENABLE_OBJC_WEAK = YES;
				CLANG_WARN_BLOCK_CAPTURE_AUTORELEASING = YES;
				CLANG_WARN_BOOL_CONVERSION = YES;
				CLANG_WARN_COMMA = YES;
				CLANG_WARN_CONSTANT_CONVERSION = YES;
				CLANG_WARN_DEPRECATED_OBJC_IMPLEMENTATIONS = YES;
				CLANG_WARN_DIRECT_OBJC_ISA_USAGE = YES_ERROR;
				CLANG_WARN_DOCUMENTATION_COMMENTS = YES;
				CLANG_WARN_EMPTY_BODY = YES;
				CLANG_WARN_ENUM_CONVERSION = YES;
				CLANG_WARN_INFINITE_RECURSION = YES;
				CLANG_WARN_INT_CONVERSION = YES;
				CLANG_WARN_NON_LITERAL_NULL_CONVERSION = YES;
				CLANG_WARN_OBJC_IMPLICIT_RETAIN_SELF = YES;
				CLANG_WARN_OBJC_LITERAL_CONVERSION = YES;
				CLANG_WARN_OBJC_ROOT_CLASS = YES_ERROR;
				CLANG_WARN_QUOTED_INCLUDE_IN_FRAMEWORK_HEADER = YES;
				CLANG_WARN_RANGE_LOOP_ANALYSIS = YES;
				CLANG_WARN_STRICT_PROTOTYPES = YES;
				CLANG_WARN_SUSPICIOUS_MOVE = YES;
				CLANG_WARN_UNGUARDED_AVAILABILITY = YES_AGGRESSIVE;
				CLANG_WARN_UNREACHABLE_CODE = YES;
				CLANG_WARN__DUPLICATE_METHOD_MATCH = YES;
				COPY_PHASE_STRIP = NO;
				CURRENT_PROJECT_VERSION = 1;
				DEBUG_INFORMATION_FORMAT = "dwarf-with-dsym";
				ENABLE_NS_ASSERTIONS = NO;
				ENABLE_STRICT_OBJC_MSGSEND = YES;
				GCC_C_LANGUAGE_STANDARD = gnu11;
				GCC_NO_COMMON_BLOCKS = YES;
				GCC_WARN_64_TO_32_BIT_CONVERSION = YES;
				GCC_WARN_ABOUT_RETURN_TYPE = YES_ERROR;
				GCC_WARN_UNDECLARED_SELECTOR = YES;
				GCC_WARN_UNINITIALIZED_AUTOS = YES_AGGRESSIVE;
				GCC_WARN_UNUSED_FUNCTION = YES;
				GCC_WARN_UNUSED_VARIABLE = YES;
				MACOSX_DEPLOYMENT_TARGET = 11.3;
				MTL_ENABLE_DEBUG_INFO = NO;
				MTL_FAST_MATH = YES;
				SDKROOT = macosx;
				SWIFT_COMPILATION_MODE = wholemodule;
				SWIFT_OPTIMIZATION_LEVEL = "-O";
				VERSIONING_SYSTEM = "apple-generic";
				VERSION_INFO_PREFIX = "";
			};
			name = Release;
		};
		83D5454426B47C3D00B136FC /* Debug */ = {
			isa = XCBuildConfiguration;
			buildSettings = {
				CODE_SIGN_STYLE = Automatic;
				COMBINE_HIDPI_IMAGES = YES;
				DEFINES_MODULE = YES;
				DEVELOPMENT_TEAM = Q5XWZ7S7E9;
				DYLIB_COMPATIBILITY_VERSION = 1;
				DYLIB_CURRENT_VERSION = 1;
				DYLIB_INSTALL_NAME_BASE = "@rpath";
				INFOPLIST_FILE = Sources/RedBlackTree/Info.plist;
				INSTALL_PATH = "$(LOCAL_LIBRARY_DIR)/Frameworks";
				LD_RUNPATH_SEARCH_PATHS = (
					"$(inherited)",
					"@executable_path/../Frameworks",
					"@loader_path/Frameworks",
				);
				PRODUCT_BUNDLE_IDENTIFIER = com.projectgalen.RedBlackTree;
				PRODUCT_NAME = "$(TARGET_NAME:c99extidentifier)";
				SKIP_INSTALL = YES;
				SWIFT_VERSION = 5.0;
			};
			name = Debug;
		};
		83D5454526B47C3D00B136FC /* Release */ = {
			isa = XCBuildConfiguration;
			buildSettings = {
				CODE_SIGN_STYLE = Automatic;
				COMBINE_HIDPI_IMAGES = YES;
				DEFINES_MODULE = YES;
				DEVELOPMENT_TEAM = Q5XWZ7S7E9;
				DYLIB_COMPATIBILITY_VERSION = 1;
				DYLIB_CURRENT_VERSION = 1;
				DYLIB_INSTALL_NAME_BASE = "@rpath";
				INFOPLIST_FILE = Sources/RedBlackTree/Info.plist;
				INSTALL_PATH = "$(LOCAL_LIBRARY_DIR)/Frameworks";
				LD_RUNPATH_SEARCH_PATHS = (
					"$(inherited)",
					"@executable_path/../Frameworks",
					"@loader_path/Frameworks",
				);
				PRODUCT_BUNDLE_IDENTIFIER = com.projectgalen.RedBlackTree;
				PRODUCT_NAME = "$(TARGET_NAME:c99extidentifier)";
				SKIP_INSTALL = YES;
				SWIFT_VERSION = 5.0;
			};
			name = Release;
		};
		83D5454726B47C3D00B136FC /* Debug */ = {
			isa = XCBuildConfiguration;
			buildSettings = {
				CODE_SIGN_STYLE = Automatic;
				COMBINE_HIDPI_IMAGES = YES;
				DEVELOPMENT_TEAM = Q5XWZ7S7E9;
				INFOPLIST_FILE = Tests/RedBlackTreeTests/Info.plist;
				LD_RUNPATH_SEARCH_PATHS = (
					"$(inherited)",
					"@executable_path/../Frameworks",
					"@loader_path/../Frameworks",
				);
				PRODUCT_BUNDLE_IDENTIFIER = com.projectgalen.RedBlackTreeTests;
				PRODUCT_NAME = "$(TARGET_NAME)";
				SWIFT_VERSION = 5.0;
			};
			name = Debug;
		};
		83D5454826B47C3D00B136FC /* Release */ = {
			isa = XCBuildConfiguration;
			buildSettings = {
				CODE_SIGN_STYLE = Automatic;
				COMBINE_HIDPI_IMAGES = YES;
				DEVELOPMENT_TEAM = Q5XWZ7S7E9;
				INFOPLIST_FILE = Tests/RedBlackTreeTests/Info.plist;
				LD_RUNPATH_SEARCH_PATHS = (
					"$(inherited)",
					"@executable_path/../Frameworks",
					"@loader_path/../Frameworks",
				);
				PRODUCT_BUNDLE_IDENTIFIER = com.projectgalen.RedBlackTreeTests;
				PRODUCT_NAME = "$(TARGET_NAME)";
				SWIFT_VERSION = 5.0;
			};
			name = Release;
		};
/* End XCBuildConfiguration section */

/* Begin XCConfigurationList section */
		832D774326B986EB0005063D /* Build configuration list for PBXNativeTarget "DocFixer" */ = {
			isa = XCConfigurationList;
			buildConfigurations = (
				832D774126B986EB0005063D /* Debug */,
				832D774226B986EB0005063D /* Release */,
			);
			defaultConfigurationIsVisible = 0;
			defaultConfigurationName = Release;
		};
		83D5452926B47C3D00B136FC /* Build configuration list for PBXProject "RedBlackTree" */ = {
			isa = XCConfigurationList;
			buildConfigurations = (
				83D5454126B47C3D00B136FC /* Debug */,
				83D5454226B47C3D00B136FC /* Release */,
			);
			defaultConfigurationIsVisible = 0;
			defaultConfigurationName = Release;
		};
		83D5454326B47C3D00B136FC /* Build configuration list for PBXNativeTarget "RedBlackTree" */ = {
			isa = XCConfigurationList;
			buildConfigurations = (
				83D5454426B47C3D00B136FC /* Debug */,
				83D5454526B47C3D00B136FC /* Release */,
			);
			defaultConfigurationIsVisible = 0;
			defaultConfigurationName = Release;
		};
		83D5454626B47C3D00B136FC /* Build configuration list for PBXNativeTarget "RedBlackTreeTests" */ = {
			isa = XCConfigurationList;
			buildConfigurations = (
				83D5454726B47C3D00B136FC /* Debug */,
				83D5454826B47C3D00B136FC /* Release */,
			);
			defaultConfigurationIsVisible = 0;
			defaultConfigurationName = Release;
		};
/* End XCConfigurationList section */

/* Begin XCRemoteSwiftPackageReference section */
		832D774526B987610005063D /* XCRemoteSwiftPackageReference "PGDocFixer" */ = {
			isa = XCRemoteSwiftPackageReference;
			repositoryURL = "https://github.com/GalenRhodes/PGDocFixer.git";
			requirement = {
				kind = upToNextMajorVersion;
				minimumVersion = 1.0.11;
			};
		};
/* End XCRemoteSwiftPackageReference section */

/* Begin XCSwiftPackageProductDependency section */
		832D774626B987610005063D /* PGDocFixer */ = {
			isa = XCSwiftPackageProductDependency;
			package = 832D774526B987610005063D /* XCRemoteSwiftPackageReference "PGDocFixer" */;
			productName = PGDocFixer;
		};
		832D774A26B988740005063D /* PGDocFixer */ = {
			isa = XCSwiftPackageProductDependency;
			package = 832D774526B987610005063D /* XCRemoteSwiftPackageReference "PGDocFixer" */;
			productName = PGDocFixer;
		};
/* End XCSwiftPackageProductDependency section */
	};
	rootObject = 83D5452626B47C3D00B136FC /* Project object */;
}
